
Microsoft Visual Studio Solution File, Format Version 12.00
# Visual Studio Version 17
VisualStudioVersion = 17.9.34728.123
MinimumVisualStudioVersion = 10.0.40219.1
Project("{FAE04EC0-301F-11D3-BF4B-00C04F79EFBC}") = "createWebApi_DominModels", "createWebApi_DominModels\createWebApi_DominModels.csproj", "{93A7899D-8340-4562-BFE7-1D61260F35CB}"
EndProject
Global
	GlobalSection(SolutionConfigurationPlatforms) = preSolution
		Debug|Any CPU = Debug|Any CPU
		Release|Any CPU = Release|Any CPU
	EndGlobalSection
	GlobalSection(ProjectConfigurationPlatforms) = postSolution
		{93A7899D-8340-4562-BFE7-1D61260F35CB}.Debug|Any CPU.ActiveCfg = Debug|Any CPU
		{93A7899D-8340-4562-BFE7-1D61260F35CB}.Debug|Any CPU.Build.0 = Debug|Any CPU
		{93A7899D-8340-4562-BFE7-1D61260F35CB}.Release|Any CPU.ActiveCfg = Release|Any CPU
		{93A7899D-8340-4562-BFE7-1D61260F35CB}.Release|Any CPU.Build.0 = Release|Any CPU
	EndGlobalSection
	GlobalSection(SolutionProperties) = preSolution
		HideSolutionNode = FALSE
	EndGlobalSection
	GlobalSection(ExtensibilityGlobals) = postSolution
		SolutionGuid = {C5AEDE93-501A-4BF3-87E1-E173FC07CBC5}
	EndGlobalSection
EndGlobal
